
Microsoft Visual Studio Solution File, Format Version 12.00
# Visual Studio 15
VisualStudioVersion = 15.0.25920.0
MinimumVisualStudioVersion = 10.0.40219.1
Project("{888888A0-9F3D-457C-B088-3A5042F75D52}") = "Day_01", "Day_01\Day_01.pyproj", "{FAC82E18-6A3C-4368-8A46-71B17A5B9A84}"
EndProject
Project("{888888A0-9F3D-457C-B088-3A5042F75D52}") = "Day_02", "Day_02\Day_02.pyproj", "{603BA439-8A45-4C5F-9F93-FE28B456221B}"
EndProject
Project("{888888A0-9F3D-457C-B088-3A5042F75D52}") = "Day_03", "Day_03\Day_03.pyproj", "{A75C3C41-DF87-4E88-845E-1E89864F5083}"
EndProject
Project("{888888A0-9F3D-457C-B088-3A5042F75D52}") = "Day_04", "Day_04\Day_04.pyproj", "{914A1452-D38E-431F-A0EF-D75534DCD397}"
EndProject
Project("{888888A0-9F3D-457C-B088-3A5042F75D52}") = "Day_05", "Day_05\Day_05.pyproj", "{61B165FE-0136-4034-B734-035777D85E2D}"
EndProject
Project("{888888A0-9F3D-457C-B088-3A5042F75D52}") = "Day_06", "Day_06\Day_06.pyproj", "{A9CC6AA4-F227-44F9-B212-84150452A8D7}"
EndProject
Project("{888888A0-9F3D-457C-B088-3A5042F75D52}") = "Day_07", "Day_07\Day_07.pyproj", "{4587FE1C-819D-4697-AAF2-459650E99F2B}"
EndProject
Project("{888888A0-9F3D-457C-B088-3A5042F75D52}") = "Day_08", "Day_08\Day_08.pyproj", "{AFA99180-19A2-44EE-901C-26B37BF1DB83}"
EndProject
Project("{888888A0-9F3D-457C-B088-3A5042F75D52}") = "Day_09", "Day_09\Day_09.pyproj", "{551583B2-17A2-498E-8369-5EB5BAAD0EBC}"
EndProject
Project("{888888A0-9F3D-457C-B088-3A5042F75D52}") = "Day_10", "Day_10\Day_10.pyproj", "{DDD67E13-10D4-4319-809D-CDD3EEDC1681}"
EndProject
Project("{888888A0-9F3D-457C-B088-3A5042F75D52}") = "Day_11", "Day_11\Day_11.pyproj", "{A89E689F-F0D1-43FC-A083-F100B01D7E27}"
EndProject
Project("{888888A0-9F3D-457C-B088-3A5042F75D52}") = "Day_12", "Day_12\Day_12.pyproj", "{FCCF2E23-8FEC-4D5A-837F-D463E2826C1F}"
EndProject
Global
	GlobalSection(SolutionConfigurationPlatforms) = preSolution
		Debug|Any CPU = Debug|Any CPU
		Release|Any CPU = Release|Any CPU
	EndGlobalSection
	GlobalSection(ProjectConfigurationPlatforms) = postSolution
		{FAC82E18-6A3C-4368-8A46-71B17A5B9A84}.Debug|Any CPU.ActiveCfg = Debug|Any CPU
		{FAC82E18-6A3C-4368-8A46-71B17A5B9A84}.Release|Any CPU.ActiveCfg = Release|Any CPU
		{603BA439-8A45-4C5F-9F93-FE28B456221B}.Debug|Any CPU.ActiveCfg = Debug|Any CPU
		{603BA439-8A45-4C5F-9F93-FE28B456221B}.Release|Any CPU.ActiveCfg = Release|Any CPU
		{A75C3C41-DF87-4E88-845E-1E89864F5083}.Debug|Any CPU.ActiveCfg = Debug|Any CPU
		{A75C3C41-DF87-4E88-845E-1E89864F5083}.Release|Any CPU.ActiveCfg = Release|Any CPU
		{914A1452-D38E-431F-A0EF-D75534DCD397}.Debug|Any CPU.ActiveCfg = Debug|Any CPU
		{914A1452-D38E-431F-A0EF-D75534DCD397}.Release|Any CPU.ActiveCfg = Release|Any CPU
		{61B165FE-0136-4034-B734-035777D85E2D}.Debug|Any CPU.ActiveCfg = Debug|Any CPU
		{61B165FE-0136-4034-B734-035777D85E2D}.Release|Any CPU.ActiveCfg = Release|Any CPU
		{A9CC6AA4-F227-44F9-B212-84150452A8D7}.Debug|Any CPU.ActiveCfg = Debug|Any CPU
		{A9CC6AA4-F227-44F9-B212-84150452A8D7}.Release|Any CPU.ActiveCfg = Release|Any CPU
		{4587FE1C-819D-4697-AAF2-459650E99F2B}.Debug|Any CPU.ActiveCfg = Debug|Any CPU
		{4587FE1C-819D-4697-AAF2-459650E99F2B}.Release|Any CPU.ActiveCfg = Release|Any CPU
		{AFA99180-19A2-44EE-901C-26B37BF1DB83}.Debug|Any CPU.ActiveCfg = Debug|Any CPU
		{AFA99180-19A2-44EE-901C-26B37BF1DB83}.Release|Any CPU.ActiveCfg = Release|Any CPU
		{551583B2-17A2-498E-8369-5EB5BAAD0EBC}.Debug|Any CPU.ActiveCfg = Debug|Any CPU
		{551583B2-17A2-498E-8369-5EB5BAAD0EBC}.Release|Any CPU.ActiveCfg = Release|Any CPU
		{DDD67E13-10D4-4319-809D-CDD3EEDC1681}.Debug|Any CPU.ActiveCfg = Debug|Any CPU
		{DDD67E13-10D4-4319-809D-CDD3EEDC1681}.Release|Any CPU.ActiveCfg = Release|Any CPU
		{A89E689F-F0D1-43FC-A083-F100B01D7E27}.Debug|Any CPU.ActiveCfg = Debug|Any CPU
		{A89E689F-F0D1-43FC-A083-F100B01D7E27}.Release|Any CPU.ActiveCfg = Release|Any CPU
		{FCCF2E23-8FEC-4D5A-837F-D463E2826C1F}.Debug|Any CPU.ActiveCfg = Debug|Any CPU
		{FCCF2E23-8FEC-4D5A-837F-D463E2826C1F}.Release|Any CPU.ActiveCfg = Release|Any CPU
	EndGlobalSection
	GlobalSection(SolutionProperties) = preSolution
		HideSolutionNode = FALSE
	EndGlobalSection
EndGlobal
